
Microsoft Visual Studio Solution File, Format Version 12.00
# Visual Studio Version 16
VisualStudioVersion = 16.0.30413.136
MinimumVisualStudioVersion = 10.0.40219.1
Project("{FAE04EC0-301F-11D3-BF4B-00C04F79EFBC}") = "475Lab5", "475Lab5\475Lab5.csproj", "{BD013470-5A0D-4AB2-BA09-7C1579F5EB9E}"
EndProject
Global
	GlobalSection(SolutionConfigurationPlatforms) = preSolution
		Debug|Any CPU = Debug|Any CPU
		Release|Any CPU = Release|Any CPU
	EndGlobalSection
	GlobalSection(ProjectConfigurationPlatforms) = postSolution
		{BD013470-5A0D-4AB2-BA09-7C1579F5EB9E}.Debug|Any CPU.ActiveCfg = Debug|Any CPU
		{BD013470-5A0D-4AB2-BA09-7C1579F5EB9E}.Debug|Any CPU.Build.0 = Debug|Any CPU
		{BD013470-5A0D-4AB2-BA09-7C1579F5EB9E}.Release|Any CPU.ActiveCfg = Release|Any CPU
		{BD013470-5A0D-4AB2-BA09-7C1579F5EB9E}.Release|Any CPU.Build.0 = Release|Any CPU
	EndGlobalSection
	GlobalSection(SolutionProperties) = preSolution
		HideSolutionNode = FALSE
	EndGlobalSection
	GlobalSection(ExtensibilityGlobals) = postSolution
		SolutionGuid = {6CDDA97C-5CF7-4A34-9333-FC86F7842FE4}
	EndGlobalSection
EndGlobal
